
Microsoft Visual Studio Solution File, Format Version 12.00
# Visual Studio Version 17
VisualStudioVersion = 17.11.35327.3
MinimumVisualStudioVersion = 10.0.40219.1
Project("{2150E333-8FDC-42A3-9474-1A3956D46DE8}") = "Dominio", "Dominio", "{93253C24-69E6-4E46-83AC-0B5987992F08}"
EndProject
Project("{2150E333-8FDC-42A3-9474-1A3956D46DE8}") = "API", "API", "{2D837C17-3866-4BFD-8119-E12244B8FD35}"
EndProject
Project("{2150E333-8FDC-42A3-9474-1A3956D46DE8}") = "Aplicacao", "Aplicacao", "{66EB847F-3741-4457-8D45-6DB47E6FC964}"
EndProject
Project("{2150E333-8FDC-42A3-9474-1A3956D46DE8}") = "Infraestrutura", "Infraestrutura", "{FCBCDD5A-416C-4E42-8B15-77B97B307640}"
EndProject
Project("{2150E333-8FDC-42A3-9474-1A3956D46DE8}") = "src", "src", "{36240074-56C9-472B-8418-6F158272E831}"
EndProject
Project("{FAE04EC0-301F-11D3-BF4B-00C04F79EFBC}") = "Infraestrutura", "Infraestrutura\Infraestrutura.csproj", "{D69E6853-E22A-430D-8935-941BE9824426}"
EndProject
Project("{FAE04EC0-301F-11D3-BF4B-00C04F79EFBC}") = "Dominio", "Dominio\Dominio.csproj", "{230AC0E9-D504-4098-BB43-4905ADB7B597}"
EndProject
Project("{FAE04EC0-301F-11D3-BF4B-00C04F79EFBC}") = "Aplicacao", "Aplicacao\Aplicacao.csproj", "{9E3592C3-CB17-456D-AB8E-84EFEAD36B96}"
EndProject
Project("{FAE04EC0-301F-11D3-BF4B-00C04F79EFBC}") = "API", "API\API.csproj", "{6187A516-ADDD-46F2-BC06-AD81ACE725AA}"
EndProject
Global
	GlobalSection(SolutionConfigurationPlatforms) = preSolution
		Debug|Any CPU = Debug|Any CPU
		Release|Any CPU = Release|Any CPU
	EndGlobalSection
	GlobalSection(ProjectConfigurationPlatforms) = postSolution
		{D69E6853-E22A-430D-8935-941BE9824426}.Debug|Any CPU.ActiveCfg = Debug|Any CPU
		{D69E6853-E22A-430D-8935-941BE9824426}.Debug|Any CPU.Build.0 = Debug|Any CPU
		{D69E6853-E22A-430D-8935-941BE9824426}.Release|Any CPU.ActiveCfg = Release|Any CPU
		{D69E6853-E22A-430D-8935-941BE9824426}.Release|Any CPU.Build.0 = Release|Any CPU
		{230AC0E9-D504-4098-BB43-4905ADB7B597}.Debug|Any CPU.ActiveCfg = Debug|Any CPU
		{230AC0E9-D504-4098-BB43-4905ADB7B597}.Debug|Any CPU.Build.0 = Debug|Any CPU
		{230AC0E9-D504-4098-BB43-4905ADB7B597}.Release|Any CPU.ActiveCfg = Release|Any CPU
		{230AC0E9-D504-4098-BB43-4905ADB7B597}.Release|Any CPU.Build.0 = Release|Any CPU
		{9E3592C3-CB17-456D-AB8E-84EFEAD36B96}.Debug|Any CPU.ActiveCfg = Debug|Any CPU
		{9E3592C3-CB17-456D-AB8E-84EFEAD36B96}.Debug|Any CPU.Build.0 = Debug|Any CPU
		{9E3592C3-CB17-456D-AB8E-84EFEAD36B96}.Release|Any CPU.ActiveCfg = Release|Any CPU
		{9E3592C3-CB17-456D-AB8E-84EFEAD36B96}.Release|Any CPU.Build.0 = Release|Any CPU
		{6187A516-ADDD-46F2-BC06-AD81ACE725AA}.Debug|Any CPU.ActiveCfg = Debug|Any CPU
		{6187A516-ADDD-46F2-BC06-AD81ACE725AA}.Debug|Any CPU.Build.0 = Debug|Any CPU
		{6187A516-ADDD-46F2-BC06-AD81ACE725AA}.Release|Any CPU.ActiveCfg = Release|Any CPU
		{6187A516-ADDD-46F2-BC06-AD81ACE725AA}.Release|Any CPU.Build.0 = Release|Any CPU
	EndGlobalSection
	GlobalSection(SolutionProperties) = preSolution
		HideSolutionNode = FALSE
	EndGlobalSection
	GlobalSection(NestedProjects) = preSolution
		{93253C24-69E6-4E46-83AC-0B5987992F08} = {36240074-56C9-472B-8418-6F158272E831}
		{2D837C17-3866-4BFD-8119-E12244B8FD35} = {36240074-56C9-472B-8418-6F158272E831}
		{66EB847F-3741-4457-8D45-6DB47E6FC964} = {36240074-56C9-472B-8418-6F158272E831}
		{FCBCDD5A-416C-4E42-8B15-77B97B307640} = {36240074-56C9-472B-8418-6F158272E831}
		{D69E6853-E22A-430D-8935-941BE9824426} = {FCBCDD5A-416C-4E42-8B15-77B97B307640}
		{230AC0E9-D504-4098-BB43-4905ADB7B597} = {93253C24-69E6-4E46-83AC-0B5987992F08}
		{9E3592C3-CB17-456D-AB8E-84EFEAD36B96} = {66EB847F-3741-4457-8D45-6DB47E6FC964}
		{6187A516-ADDD-46F2-BC06-AD81ACE725AA} = {2D837C17-3866-4BFD-8119-E12244B8FD35}
	EndGlobalSection
	GlobalSection(ExtensibilityGlobals) = postSolution
		SolutionGuid = {C7AD4E8B-1242-4FDB-8BF1-C16FF736A3BD}
	EndGlobalSection
EndGlobal
